
Microsoft Visual Studio Solution File, Format Version 12.00
# Visual Studio Version 17
VisualStudioVersion = 17.8.34511.84
MinimumVisualStudioVersion = 10.0.40219.1
Project("{9A19103F-16F7-4668-BE54-9A1E7A4F7556}") = "ParadoxTranslationHelper", "ParadoxTranslationHelper\ParadoxTranslationHelper.csproj", "{483DC250-CE53-4634-9F5D-AD25B1008CAB}"
EndProject
Project("{9A19103F-16F7-4668-BE54-9A1E7A4F7556}") = "ParadoxTranslationHelper_Test", "ParadoxTranslationHelper_Test\ParadoxTranslationHelper_Test.csproj", "{F58ADBDD-FE04-484D-B3A8-08E34A7C375F}"
EndProject
Global
	GlobalSection(SolutionConfigurationPlatforms) = preSolution
		Debug|Any CPU = Debug|Any CPU
		Release|Any CPU = Release|Any CPU
	EndGlobalSection
	GlobalSection(ProjectConfigurationPlatforms) = postSolution
		{483DC250-CE53-4634-9F5D-AD25B1008CAB}.Debug|Any CPU.ActiveCfg = Debug|Any CPU
		{483DC250-CE53-4634-9F5D-AD25B1008CAB}.Debug|Any CPU.Build.0 = Debug|Any CPU
		{483DC250-CE53-4634-9F5D-AD25B1008CAB}.Release|Any CPU.ActiveCfg = Release|Any CPU
		{483DC250-CE53-4634-9F5D-AD25B1008CAB}.Release|Any CPU.Build.0 = Release|Any CPU
		{F58ADBDD-FE04-484D-B3A8-08E34A7C375F}.Debug|Any CPU.ActiveCfg = Debug|Any CPU
		{F58ADBDD-FE04-484D-B3A8-08E34A7C375F}.Debug|Any CPU.Build.0 = Debug|Any CPU
		{F58ADBDD-FE04-484D-B3A8-08E34A7C375F}.Release|Any CPU.ActiveCfg = Release|Any CPU
		{F58ADBDD-FE04-484D-B3A8-08E34A7C375F}.Release|Any CPU.Build.0 = Release|Any CPU
	EndGlobalSection
	GlobalSection(SolutionProperties) = preSolution
		HideSolutionNode = FALSE
	EndGlobalSection
	GlobalSection(ExtensibilityGlobals) = postSolution
		SolutionGuid = {C8A1ABE1-B458-482F-9EA8-0E6EFDFD2CEE}
	EndGlobalSection
EndGlobal
